
Microsoft Visual Studio Solution File, Format Version 12.00
# Visual Studio Version 17
VisualStudioVersion = 17.10.34928.147
MinimumVisualStudioVersion = 10.0.40219.1
Project("{9A19103F-16F7-4668-BE54-9A1E7A4F7556}") = "FastReportsTestApp", "FastReportsTestApp.csproj", "{FD295148-7999-4428-84D7-54EDC4C0ECAF}"
EndProject
Global
	GlobalSection(SolutionConfigurationPlatforms) = preSolution
		Debug|Any CPU = Debug|Any CPU
		Release|Any CPU = Release|Any CPU
	EndGlobalSection
	GlobalSection(ProjectConfigurationPlatforms) = postSolution
		{FD295148-7999-4428-84D7-54EDC4C0ECAF}.Debug|Any CPU.ActiveCfg = Debug|Any CPU
		{FD295148-7999-4428-84D7-54EDC4C0ECAF}.Debug|Any CPU.Build.0 = Debug|Any CPU
		{FD295148-7999-4428-84D7-54EDC4C0ECAF}.Release|Any CPU.ActiveCfg = Release|Any CPU
		{FD295148-7999-4428-84D7-54EDC4C0ECAF}.Release|Any CPU.Build.0 = Release|Any CPU
	EndGlobalSection
	GlobalSection(SolutionProperties) = preSolution
		HideSolutionNode = FALSE
	EndGlobalSection
	GlobalSection(ExtensibilityGlobals) = postSolution
		SolutionGuid = {39ADADF4-B334-4927-A917-1156D9B88BDE}
	EndGlobalSection
EndGlobal
